
Microsoft Visual Studio Solution File, Format Version 12.00
# Visual Studio Version 17
VisualStudioVersion = 17.14.36121.58 d17.14
MinimumVisualStudioVersion = 10.0.40219.1
Project("{FAE04EC0-301F-11D3-BF4B-00C04F79EFBC}") = "githubconsole", "githubconsole\githubconsole.csproj", "{7D89F896-8B4D-446D-B2E6-9884AC42A386}"
EndProject
Global
	GlobalSection(SolutionConfigurationPlatforms) = preSolution
		Debug|Any CPU = Debug|Any CPU
		Release|Any CPU = Release|Any CPU
	EndGlobalSection
	GlobalSection(ProjectConfigurationPlatforms) = postSolution
		{7D89F896-8B4D-446D-B2E6-9884AC42A386}.Debug|Any CPU.ActiveCfg = Debug|Any CPU
		{7D89F896-8B4D-446D-B2E6-9884AC42A386}.Debug|Any CPU.Build.0 = Debug|Any CPU
		{7D89F896-8B4D-446D-B2E6-9884AC42A386}.Release|Any CPU.ActiveCfg = Release|Any CPU
		{7D89F896-8B4D-446D-B2E6-9884AC42A386}.Release|Any CPU.Build.0 = Release|Any CPU
	EndGlobalSection
	GlobalSection(SolutionProperties) = preSolution
		HideSolutionNode = FALSE
	EndGlobalSection
	GlobalSection(ExtensibilityGlobals) = postSolution
		SolutionGuid = {E1D06DE7-0891-4555-9976-058C7450ECB4}
	EndGlobalSection
EndGlobal
